// !$*UTF8*$!
{
	archiveVersion = 1;
	classes = {
	};
	objectVersion = 46;
	objects = {

/* Begin PBXBuildFile section */
		1B2C0E0B1702509200C6C86C /* libcrypto.a in Frameworks */ = {isa = PBXBuildFile; fileRef = 1B2C0E071702509200C6C86C /* libcrypto.a */; };
		1B2C0E0C1702509200C6C86C /* libexpat.a in Frameworks */ = {isa = PBXBuildFile; fileRef = 1B2C0E081702509200C6C86C /* libexpat.a */; };
		1B2C0E0D1702509200C6C86C /* libssl.a in Frameworks */ = {isa = PBXBuildFile; fileRef = 1B2C0E091702509200C6C86C /* libssl.a */; };
		1B2C0E0E1702509200C6C86C /* libstrophe.a in Frameworks */ = {isa = PBXBuildFile; fileRef = 1B2C0E0A1702509200C6C86C /* libstrophe.a */; };
		52206B4517022618006833AE /* GASViewController_iPad.xib in Resources */ = {isa = PBXBuildFile; fileRef = 52206B4417022618006833AE /* GASViewController_iPad.xib */; };
		5223D9B216FB681E00857F76 /* bidding.feature in Resources */ = {isa = PBXBuildFile; fileRef = 5223D9B116FB681E00857F76 /* bidding.feature */; };
		528FCB1316ED0A4C0071600E /* UIKit.framework in Frameworks */ = {isa = PBXBuildFile; fileRef = 528FCB1216ED0A4C0071600E /* UIKit.framework */; };
		528FCB1516ED0A4C0071600E /* Foundation.framework in Frameworks */ = {isa = PBXBuildFile; fileRef = 528FCB1416ED0A4C0071600E /* Foundation.framework */; };
		528FCB1716ED0A4C0071600E /* CoreGraphics.framework in Frameworks */ = {isa = PBXBuildFile; fileRef = 528FCB1616ED0A4C0071600E /* CoreGraphics.framework */; };
		528FCB1D16ED0A4C0071600E /* InfoPlist.strings in Resources */ = {isa = PBXBuildFile; fileRef = 528FCB1B16ED0A4C0071600E /* InfoPlist.strings */; };
		528FCB2516ED0A4C0071600E /* Default.png in Resources */ = {isa = PBXBuildFile; fileRef = 528FCB2416ED0A4C0071600E /* Default.png */; };
		528FCB2716ED0A4C0071600E /* Default@2x.png in Resources */ = {isa = PBXBuildFile; fileRef = 528FCB2616ED0A4C0071600E /* Default@2x.png */; };
		528FCB2916ED0A4C0071600E /* Default-568h@2x.png in Resources */ = {isa = PBXBuildFile; fileRef = 528FCB2816ED0A4C0071600E /* Default-568h@2x.png */; };
		528FCB4D16ED0B340071600E /* SenTestingKit.framework in Frameworks */ = {isa = PBXBuildFile; fileRef = 528FCB3016ED0A4C0071600E /* SenTestingKit.framework */; };
		528FCB4E16ED0B340071600E /* UIKit.framework in Frameworks */ = {isa = PBXBuildFile; fileRef = 528FCB1216ED0A4C0071600E /* UIKit.framework */; };
		528FCB4F16ED0B340071600E /* Foundation.framework in Frameworks */ = {isa = PBXBuildFile; fileRef = 528FCB1416ED0A4C0071600E /* Foundation.framework */; };
		528FCB5516ED0B340071600E /* InfoPlist.strings in Resources */ = {isa = PBXBuildFile; fileRef = 528FCB5316ED0B340071600E /* InfoPlist.strings */; };
		528FCB5916ED0B350071600E /* Cedar-iOS.framework in Frameworks */ = {isa = PBXBuildFile; fileRef = 528FCB5816ED0B350071600E /* Cedar-iOS.framework */; };
		528FCB7616ED0FCC0071600E /* launch_steps.rb in Resources */ = {isa = PBXBuildFile; fileRef = 528FCB6316ED0FCC0071600E /* launch_steps.rb */; };
		528FCB7716ED0FCC0071600E /* env.rb in Resources */ = {isa = PBXBuildFile; fileRef = 528FCB6516ED0FCC0071600E /* env.rb */; };
		52969CDC16FB762E00860508 /* auction_steps.rb in Resources */ = {isa = PBXBuildFile; fileRef = 52969CDB16FB762E00860508 /* auction_steps.rb */; };
		52969D3216FB851100860508 /* GASAppDelegate.m in Sources */ = {isa = PBXBuildFile; fileRef = 52969D3116FB851100860508 /* GASAppDelegate.m */; };
		52969D3416FB853B00860508 /* main.m in Sources */ = {isa = PBXBuildFile; fileRef = 52969D3316FB853B00860508 /* main.m */; };
		52969D3816FB86C500860508 /* GASViewController.m in Sources */ = {isa = PBXBuildFile; fileRef = 52969D3616FB86C500860508 /* GASViewController.m */; };
		8F4C628C170681060064C342 /* GASAuctionMessageTranslatorSpec.mm in Sources */ = {isa = PBXBuildFile; fileRef = 8F4C628B170681060064C342 /* GASAuctionMessageTranslatorSpec.mm */; settings = {COMPILER_FLAGS = "-fno-objc-arc"; }; };
		8F4C628F1706852D0064C342 /* GASAuctionMessageTranslator.m in Sources */ = {isa = PBXBuildFile; fileRef = 8F4C628E1706852D0064C342 /* GASAuctionMessageTranslator.m */; };
		8F4C629217069F550064C342 /* GASAuctionSniper.m in Sources */ = {isa = PBXBuildFile; fileRef = 8F4C629117069F550064C342 /* GASAuctionSniper.m */; };
		8F4C62951706A0670064C342 /* GASAuctionSniperSpec.mm in Sources */ = {isa = PBXBuildFile; fileRef = 8F4C62941706A0670064C342 /* GASAuctionSniperSpec.mm */; settings = {COMPILER_FLAGS = "-fno-objc-arc"; }; };
		8FE5E410170275EC00CB99A7 /* libresolv.dylib in Frameworks */ = {isa = PBXBuildFile; fileRef = 52ABAB3E1700BD3700D7C96A /* libresolv.dylib */; };
/* End PBXBuildFile section */

/* Begin PBXFileReference section */
		1B2C0E071702509200C6C86C /* libcrypto.a */ = {isa = PBXFileReference; lastKnownFileType = archive.ar; path = libcrypto.a; sourceTree = "<group>"; };
		1B2C0E081702509200C6C86C /* libexpat.a */ = {isa = PBXFileReference; lastKnownFileType = archive.ar; path = libexpat.a; sourceTree = "<group>"; };
		1B2C0E091702509200C6C86C /* libssl.a */ = {isa = PBXFileReference; lastKnownFileType = archive.ar; path = libssl.a; sourceTree = "<group>"; };
		1B2C0E0A1702509200C6C86C /* libstrophe.a */ = {isa = PBXFileReference; lastKnownFileType = archive.ar; path = libstrophe.a; sourceTree = "<group>"; };
		52206B4417022618006833AE /* GASViewController_iPad.xib */ = {isa = PBXFileReference; fileEncoding = 4; lastKnownFileType = file.xib; path = GASViewController_iPad.xib; sourceTree = "<group>"; };
		5223D9B116FB681E00857F76 /* bidding.feature */ = {isa = PBXFileReference; fileEncoding = 4; lastKnownFileType = text; path = bidding.feature; sourceTree = "<group>"; };
		52462B5F170135F300618CFF /* libiconv.dylib */ = {isa = PBXFileReference; lastKnownFileType = "compiled.mach-o.dylib"; name = libiconv.dylib; path = usr/lib/libiconv.dylib; sourceTree = SDKROOT; };
		528FCB0F16ED0A4C0071600E /* AuctionSniper.app */ = {isa = PBXFileReference; explicitFileType = wrapper.application; includeInIndex = 0; path = AuctionSniper.app; sourceTree = BUILT_PRODUCTS_DIR; };
		528FCB1216ED0A4C0071600E /* UIKit.framework */ = {isa = PBXFileReference; lastKnownFileType = wrapper.framework; name = UIKit.framework; path = System/Library/Frameworks/UIKit.framework; sourceTree = SDKROOT; };
		528FCB1416ED0A4C0071600E /* Foundation.framework */ = {isa = PBXFileReference; lastKnownFileType = wrapper.framework; name = Foundation.framework; path = System/Library/Frameworks/Foundation.framework; sourceTree = SDKROOT; };
		528FCB1616ED0A4C0071600E /* CoreGraphics.framework */ = {isa = PBXFileReference; lastKnownFileType = wrapper.framework; name = CoreGraphics.framework; path = System/Library/Frameworks/CoreGraphics.framework; sourceTree = SDKROOT; };
		528FCB1A16ED0A4C0071600E /* AuctionSniper-Info.plist */ = {isa = PBXFileReference; lastKnownFileType = text.plist.xml; path = "AuctionSniper-Info.plist"; sourceTree = "<group>"; };
		528FCB1C16ED0A4C0071600E /* en */ = {isa = PBXFileReference; lastKnownFileType = text.plist.strings; name = en; path = en.lproj/InfoPlist.strings; sourceTree = "<group>"; };
		528FCB2016ED0A4C0071600E /* AuctionSniper-Prefix.pch */ = {isa = PBXFileReference; lastKnownFileType = sourcecode.c.h; path = "AuctionSniper-Prefix.pch"; sourceTree = "<group>"; };
		528FCB2416ED0A4C0071600E /* Default.png */ = {isa = PBXFileReference; lastKnownFileType = image.png; path = Default.png; sourceTree = "<group>"; };
		528FCB2616ED0A4C0071600E /* Default@2x.png */ = {isa = PBXFileReference; lastKnownFileType = image.png; path = "Default@2x.png"; sourceTree = "<group>"; };
		528FCB2816ED0A4C0071600E /* Default-568h@2x.png */ = {isa = PBXFileReference; lastKnownFileType = image.png; path = "Default-568h@2x.png"; sourceTree = "<group>"; };
		528FCB3016ED0A4C0071600E /* SenTestingKit.framework */ = {isa = PBXFileReference; lastKnownFileType = wrapper.framework; name = SenTestingKit.framework; path = Library/Frameworks/SenTestingKit.framework; sourceTree = DEVELOPER_DIR; };
		528FCB4C16ED0B340071600E /* Specs.octest */ = {isa = PBXFileReference; explicitFileType = wrapper.cfbundle; includeInIndex = 0; path = Specs.octest; sourceTree = BUILT_PRODUCTS_DIR; };
		528FCB5216ED0B340071600E /* Specs-Info.plist */ = {isa = PBXFileReference; lastKnownFileType = text.plist.xml; path = "Specs-Info.plist"; sourceTree = "<group>"; };
		528FCB5416ED0B340071600E /* en */ = {isa = PBXFileReference; lastKnownFileType = text.plist.strings; name = en; path = en.lproj/InfoPlist.strings; sourceTree = "<group>"; };
		528FCB5816ED0B350071600E /* Cedar-iOS.framework */ = {isa = PBXFileReference; lastKnownFileType = wrapper.framework; name = "Cedar-iOS.framework"; path = "Frameworks/Cedar-iOS.framework"; sourceTree = "<group>"; };
		528FCB5A16ED0B350071600E /* Specs-Prefix.pch */ = {isa = PBXFileReference; lastKnownFileType = sourcecode.c.h; path = "Specs-Prefix.pch"; sourceTree = "<group>"; };
		528FCB5E16ED0BE40071600E /* SpecHelper.h */ = {isa = PBXFileReference; fileEncoding = 4; lastKnownFileType = sourcecode.c.h; path = SpecHelper.h; sourceTree = "<group>"; };
		528FCB6316ED0FCC0071600E /* launch_steps.rb */ = {isa = PBXFileReference; fileEncoding = 4; lastKnownFileType = text.script.ruby; path = launch_steps.rb; sourceTree = "<group>"; };
		528FCB6516ED0FCC0071600E /* env.rb */ = {isa = PBXFileReference; fileEncoding = 4; lastKnownFileType = text.script.ruby; path = env.rb; sourceTree = "<group>"; };
		52969CDB16FB762E00860508 /* auction_steps.rb */ = {isa = PBXFileReference; fileEncoding = 4; lastKnownFileType = text.script.ruby; path = auction_steps.rb; sourceTree = "<group>"; };
		52969D3016FB851100860508 /* GASAppDelegate.h */ = {isa = PBXFileReference; fileEncoding = 4; lastKnownFileType = sourcecode.c.h; path = GASAppDelegate.h; sourceTree = "<group>"; };
		52969D3116FB851100860508 /* GASAppDelegate.m */ = {isa = PBXFileReference; fileEncoding = 4; lastKnownFileType = sourcecode.c.objc; path = GASAppDelegate.m; sourceTree = "<group>"; };
		52969D3316FB853B00860508 /* main.m */ = {isa = PBXFileReference; fileEncoding = 4; lastKnownFileType = sourcecode.c.objc; path = main.m; sourceTree = "<group>"; };
		52969D3516FB86C500860508 /* GASViewController.h */ = {isa = PBXFileReference; fileEncoding = 4; lastKnownFileType = sourcecode.c.h; path = GASViewController.h; sourceTree = "<group>"; };
		52969D3616FB86C500860508 /* GASViewController.m */ = {isa = PBXFileReference; fileEncoding = 4; lastKnownFileType = sourcecode.c.objc; path = GASViewController.m; sourceTree = "<group>"; };
		52ABAABB1700B8B600D7C96A /* CFNetwork.framework */ = {isa = PBXFileReference; lastKnownFileType = wrapper.framework; name = CFNetwork.framework; path = System/Library/Frameworks/CFNetwork.framework; sourceTree = SDKROOT; };
		52ABAABD1700B8C400D7C96A /* Security.framework */ = {isa = PBXFileReference; lastKnownFileType = wrapper.framework; name = Security.framework; path = System/Library/Frameworks/Security.framework; sourceTree = SDKROOT; };
		52ABAB3E1700BD3700D7C96A /* libresolv.dylib */ = {isa = PBXFileReference; lastKnownFileType = "compiled.mach-o.dylib"; name = libresolv.dylib; path = usr/lib/libresolv.dylib; sourceTree = SDKROOT; };
		8F4C628A17067E850064C342 /* GASAuctionMessageListener.h */ = {isa = PBXFileReference; lastKnownFileType = sourcecode.c.h; path = GASAuctionMessageListener.h; sourceTree = "<group>"; };
		8F4C628B170681060064C342 /* GASAuctionMessageTranslatorSpec.mm */ = {isa = PBXFileReference; fileEncoding = 4; lastKnownFileType = sourcecode.cpp.objcpp; path = GASAuctionMessageTranslatorSpec.mm; sourceTree = "<group>"; };
		8F4C628D1706852D0064C342 /* GASAuctionMessageTranslator.h */ = {isa = PBXFileReference; fileEncoding = 4; lastKnownFileType = sourcecode.c.h; path = GASAuctionMessageTranslator.h; sourceTree = "<group>"; };
		8F4C628E1706852D0064C342 /* GASAuctionMessageTranslator.m */ = {isa = PBXFileReference; fileEncoding = 4; lastKnownFileType = sourcecode.c.objc; path = GASAuctionMessageTranslator.m; sourceTree = "<group>"; };
		8F4C629017069F550064C342 /* GASAuctionSniper.h */ = {isa = PBXFileReference; fileEncoding = 4; lastKnownFileType = sourcecode.c.h; path = GASAuctionSniper.h; sourceTree = "<group>"; };
		8F4C629117069F550064C342 /* GASAuctionSniper.m */ = {isa = PBXFileReference; fileEncoding = 4; lastKnownFileType = sourcecode.c.objc; path = GASAuctionSniper.m; sourceTree = "<group>"; };
		8F4C629317069FC10064C342 /* GASAuctionListener.h */ = {isa = PBXFileReference; lastKnownFileType = sourcecode.c.h; path = GASAuctionListener.h; sourceTree = "<group>"; };
		8F4C62941706A0670064C342 /* GASAuctionSniperSpec.mm */ = {isa = PBXFileReference; fileEncoding = 4; lastKnownFileType = sourcecode.cpp.objcpp; path = GASAuctionSniperSpec.mm; sourceTree = "<group>"; };
/* End PBXFileReference section */

/* Begin PBXFrameworksBuildPhase section */
		528FCB0C16ED0A4C0071600E /* Frameworks */ = {
			isa = PBXFrameworksBuildPhase;
			buildActionMask = 2147483647;
			files = (
				8FE5E410170275EC00CB99A7 /* libresolv.dylib in Frameworks */,
				528FCB1316ED0A4C0071600E /* UIKit.framework in Frameworks */,
				528FCB1516ED0A4C0071600E /* Foundation.framework in Frameworks */,
				528FCB1716ED0A4C0071600E /* CoreGraphics.framework in Frameworks */,
				1B2C0E0B1702509200C6C86C /* libcrypto.a in Frameworks */,
				1B2C0E0C1702509200C6C86C /* libexpat.a in Frameworks */,
				1B2C0E0D1702509200C6C86C /* libssl.a in Frameworks */,
				1B2C0E0E1702509200C6C86C /* libstrophe.a in Frameworks */,
			);
			runOnlyForDeploymentPostprocessing = 0;
		};
		528FCB4816ED0B340071600E /* Frameworks */ = {
			isa = PBXFrameworksBuildPhase;
			buildActionMask = 2147483647;
			files = (
				528FCB4D16ED0B340071600E /* SenTestingKit.framework in Frameworks */,
				528FCB4E16ED0B340071600E /* UIKit.framework in Frameworks */,
				528FCB4F16ED0B340071600E /* Foundation.framework in Frameworks */,
				528FCB5916ED0B350071600E /* Cedar-iOS.framework in Frameworks */,
			);
			runOnlyForDeploymentPostprocessing = 0;
		};
/* End PBXFrameworksBuildPhase section */

/* Begin PBXGroup section */
		528FCB0616ED0A4C0071600E = {
			isa = PBXGroup;
			children = (
				528FCB5F16ED0FCC0071600E /* Frank */,
				528FCB1816ED0A4C0071600E /* AuctionSniper */,
				528FCB5016ED0B340071600E /* Specs */,
				528FCB1116ED0A4C0071600E /* Frameworks */,
				528FCB1016ED0A4C0071600E /* Products */,
			);
			sourceTree = "<group>";
		};
		528FCB1016ED0A4C0071600E /* Products */ = {
			isa = PBXGroup;
			children = (
				528FCB0F16ED0A4C0071600E /* AuctionSniper.app */,
				528FCB4C16ED0B340071600E /* Specs.octest */,
			);
			name = Products;
			sourceTree = "<group>";
		};
		528FCB1116ED0A4C0071600E /* Frameworks */ = {
			isa = PBXGroup;
			children = (
				1B2C0E071702509200C6C86C /* libcrypto.a */,
				1B2C0E081702509200C6C86C /* libexpat.a */,
				1B2C0E091702509200C6C86C /* libssl.a */,
				1B2C0E0A1702509200C6C86C /* libstrophe.a */,
				52462B5F170135F300618CFF /* libiconv.dylib */,
				52ABAB3E1700BD3700D7C96A /* libresolv.dylib */,
				52ABAABD1700B8C400D7C96A /* Security.framework */,
				52ABAABB1700B8B600D7C96A /* CFNetwork.framework */,
				528FCB1216ED0A4C0071600E /* UIKit.framework */,
				528FCB1416ED0A4C0071600E /* Foundation.framework */,
				528FCB1616ED0A4C0071600E /* CoreGraphics.framework */,
				528FCB3016ED0A4C0071600E /* SenTestingKit.framework */,
			);
			name = Frameworks;
			sourceTree = "<group>";
		};
		528FCB1816ED0A4C0071600E /* AuctionSniper */ = {
			isa = PBXGroup;
			children = (
				52ABAA9D1700B7A600D7C96A /* Vendor */,
				52969D3A16FB86E600860508 /* resources */,
				52969D2916FB834200860508 /* src */,
				528FCB1916ED0A4C0071600E /* Supporting Files */,
			);
			path = AuctionSniper;
			sourceTree = "<group>";
		};
		528FCB1916ED0A4C0071600E /* Supporting Files */ = {
			isa = PBXGroup;
			children = (
				528FCB1A16ED0A4C0071600E /* AuctionSniper-Info.plist */,
				528FCB1B16ED0A4C0071600E /* InfoPlist.strings */,
				528FCB2016ED0A4C0071600E /* AuctionSniper-Prefix.pch */,
				528FCB2416ED0A4C0071600E /* Default.png */,
				528FCB2616ED0A4C0071600E /* Default@2x.png */,
				528FCB2816ED0A4C0071600E /* Default-568h@2x.png */,
			);
			name = "Supporting Files";
			sourceTree = "<group>";
		};
		528FCB5016ED0B340071600E /* Specs */ = {
			isa = PBXGroup;
			children = (
				528FCB5816ED0B350071600E /* Cedar-iOS.framework */,
				528FCB5116ED0B340071600E /* Supporting Files */,
				528FCB5E16ED0BE40071600E /* SpecHelper.h */,
				8F4C628B170681060064C342 /* GASAuctionMessageTranslatorSpec.mm */,
				8F4C62941706A0670064C342 /* GASAuctionSniperSpec.mm */,
			);
			path = Specs;
			sourceTree = "<group>";
		};
		528FCB5116ED0B340071600E /* Supporting Files */ = {
			isa = PBXGroup;
			children = (
				528FCB5216ED0B340071600E /* Specs-Info.plist */,
				528FCB5316ED0B340071600E /* InfoPlist.strings */,
				528FCB5A16ED0B350071600E /* Specs-Prefix.pch */,
			);
			name = "Supporting Files";
			sourceTree = "<group>";
		};
		528FCB5F16ED0FCC0071600E /* Frank */ = {
			isa = PBXGroup;
			children = (
				528FCB6016ED0FCC0071600E /* features */,
			);
			path = Frank;
			sourceTree = "<group>";
		};
		528FCB6016ED0FCC0071600E /* features */ = {
			isa = PBXGroup;
			children = (
				5223D9B116FB681E00857F76 /* bidding.feature */,
				528FCB6216ED0FCC0071600E /* step_definitions */,
				528FCB6416ED0FCC0071600E /* support */,
			);
			path = features;
			sourceTree = "<group>";
		};
		528FCB6216ED0FCC0071600E /* step_definitions */ = {
			isa = PBXGroup;
			children = (
				52969CDB16FB762E00860508 /* auction_steps.rb */,
				528FCB6316ED0FCC0071600E /* launch_steps.rb */,
			);
			path = step_definitions;
			sourceTree = "<group>";
		};
		528FCB6416ED0FCC0071600E /* support */ = {
			isa = PBXGroup;
			children = (
				528FCB6516ED0FCC0071600E /* env.rb */,
			);
			path = support;
			sourceTree = "<group>";
		};
		52969D2916FB834200860508 /* src */ = {
			isa = PBXGroup;
			children = (
				52969D3316FB853B00860508 /* main.m */,
				52969D3016FB851100860508 /* GASAppDelegate.h */,
				52969D3116FB851100860508 /* GASAppDelegate.m */,
				52969D3516FB86C500860508 /* GASViewController.h */,
				52969D3616FB86C500860508 /* GASViewController.m */,
				8F4C628A17067E850064C342 /* GASAuctionMessageListener.h */,
				8F4C628D1706852D0064C342 /* GASAuctionMessageTranslator.h */,
				8F4C628E1706852D0064C342 /* GASAuctionMessageTranslator.m */,
				8F4C629017069F550064C342 /* GASAuctionSniper.h */,
				8F4C629117069F550064C342 /* GASAuctionSniper.m */,
				8F4C629317069FC10064C342 /* GASAuctionListener.h */,
			);
			name = src;
			path = AuctionSniper/src;
			sourceTree = SOURCE_ROOT;
		};
		52969D3A16FB86E600860508 /* resources */ = {
			isa = PBXGroup;
			children = (
				52206B4417022618006833AE /* GASViewController_iPad.xib */,
			);
			name = resources;
			path = AuctionSniper/resources;
			sourceTree = SOURCE_ROOT;
		};
		52ABAA9D1700B7A600D7C96A /* Vendor */ = {
			isa = PBXGroup;
			children = (
			);
			path = Vendor;
			sourceTree = "<group>";
		};
/* End PBXGroup section */

/* Begin PBXNativeTarget section */
		528FCB0E16ED0A4C0071600E /* AuctionSniper */ = {
			isa = PBXNativeTarget;
			buildConfigurationList = 528FCB4116ED0A4C0071600E /* Build configuration list for PBXNativeTarget "AuctionSniper" */;
			buildPhases = (
				528FCB0B16ED0A4C0071600E /* Sources */,
				528FCB0D16ED0A4C0071600E /* Resources */,
				528FCB0C16ED0A4C0071600E /* Frameworks */,
			);
			buildRules = (
			);
			dependencies = (
			);
			name = AuctionSniper;
			productName = AuctionSniper;
			productReference = 528FCB0F16ED0A4C0071600E /* AuctionSniper.app */;
			productType = "com.apple.product-type.application";
		};
		528FCB4B16ED0B340071600E /* Specs */ = {
			isa = PBXNativeTarget;
			buildConfigurationList = 528FCB5B16ED0B350071600E /* Build configuration list for PBXNativeTarget "Specs" */;
			buildPhases = (
				528FCB4716ED0B340071600E /* Sources */,
				528FCB4816ED0B340071600E /* Frameworks */,
				528FCB4916ED0B340071600E /* Resources */,
				528FCB4A16ED0B340071600E /* ShellScript */,
			);
			buildRules = (
			);
			dependencies = (
			);
			name = Specs;
			productName = Specs;
			productReference = 528FCB4C16ED0B340071600E /* Specs.octest */;
			productType = "com.apple.product-type.bundle";
		};
/* End PBXNativeTarget section */

/* Begin PBXProject section */
		528FCB0716ED0A4C0071600E /* Project object */ = {
			isa = PBXProject;
			attributes = {
				CLASSPREFIX = GAS;
				LastUpgradeCheck = 0460;
				ORGANIZATIONNAME = "eSpark Learning";
			};
			buildConfigurationList = 528FCB0A16ED0A4C0071600E /* Build configuration list for PBXProject "AuctionSniper" */;
			compatibilityVersion = "Xcode 3.2";
			developmentRegion = English;
			hasScannedForEncodings = 0;
			knownRegions = (
				en,
			);
			mainGroup = 528FCB0616ED0A4C0071600E;
			productRefGroup = 528FCB1016ED0A4C0071600E /* Products */;
			projectDirPath = "";
			projectRoot = "";
			targets = (
				528FCB0E16ED0A4C0071600E /* AuctionSniper */,
				528FCB4B16ED0B340071600E /* Specs */,
			);
		};
/* End PBXProject section */

/* Begin PBXResourcesBuildPhase section */
		528FCB0D16ED0A4C0071600E /* Resources */ = {
			isa = PBXResourcesBuildPhase;
			buildActionMask = 2147483647;
			files = (
				528FCB1D16ED0A4C0071600E /* InfoPlist.strings in Resources */,
				528FCB2516ED0A4C0071600E /* Default.png in Resources */,
				528FCB2716ED0A4C0071600E /* Default@2x.png in Resources */,
				528FCB2916ED0A4C0071600E /* Default-568h@2x.png in Resources */,
				528FCB7616ED0FCC0071600E /* launch_steps.rb in Resources */,
				528FCB7716ED0FCC0071600E /* env.rb in Resources */,
				5223D9B216FB681E00857F76 /* bidding.feature in Resources */,
				52969CDC16FB762E00860508 /* auction_steps.rb in Resources */,
				52206B4517022618006833AE /* GASViewController_iPad.xib in Resources */,
			);
			runOnlyForDeploymentPostprocessing = 0;
		};
		528FCB4916ED0B340071600E /* Resources */ = {
			isa = PBXResourcesBuildPhase;
			buildActionMask = 2147483647;
			files = (
				528FCB5516ED0B340071600E /* InfoPlist.strings in Resources */,
			);
			runOnlyForDeploymentPostprocessing = 0;
		};
/* End PBXResourcesBuildPhase section */

/* Begin PBXShellScriptBuildPhase section */
		528FCB4A16ED0B340071600E /* ShellScript */ = {
			isa = PBXShellScriptBuildPhase;
			buildActionMask = 2147483647;
			files = (
			);
			inputPaths = (
			);
			outputPaths = (
			);
			runOnlyForDeploymentPostprocessing = 0;
			shellPath = /bin/sh;
			shellScript = "# Run the unit tests in this test bundle.\n\"${SYSTEM_DEVELOPER_DIR}/Tools/RunUnitTests\"\n";
		};
/* End PBXShellScriptBuildPhase section */

/* Begin PBXSourcesBuildPhase section */
		528FCB0B16ED0A4C0071600E /* Sources */ = {
			isa = PBXSourcesBuildPhase;
			buildActionMask = 2147483647;
			files = (
				52969D3216FB851100860508 /* GASAppDelegate.m in Sources */,
				52969D3416FB853B00860508 /* main.m in Sources */,
				52969D3816FB86C500860508 /* GASViewController.m in Sources */,
				8F4C628F1706852D0064C342 /* GASAuctionMessageTranslator.m in Sources */,
				8F4C629217069F550064C342 /* GASAuctionSniper.m in Sources */,
			);
			runOnlyForDeploymentPostprocessing = 0;
		};
		528FCB4716ED0B340071600E /* Sources */ = {
			isa = PBXSourcesBuildPhase;
			buildActionMask = 2147483647;
			files = (
				8F4C628C170681060064C342 /* GASAuctionMessageTranslatorSpec.mm in Sources */,
				8F4C62951706A0670064C342 /* GASAuctionSniperSpec.mm in Sources */,
			);
			runOnlyForDeploymentPostprocessing = 0;
		};
/* End PBXSourcesBuildPhase section */

/* Begin PBXVariantGroup section */
		528FCB1B16ED0A4C0071600E /* InfoPlist.strings */ = {
			isa = PBXVariantGroup;
			children = (
				528FCB1C16ED0A4C0071600E /* en */,
			);
			name = InfoPlist.strings;
			sourceTree = "<group>";
		};
		528FCB5316ED0B340071600E /* InfoPlist.strings */ = {
			isa = PBXVariantGroup;
			children = (
				528FCB5416ED0B340071600E /* en */,
			);
			name = InfoPlist.strings;
			sourceTree = "<group>";
		};
/* End PBXVariantGroup section */

/* Begin XCBuildConfiguration section */
		528FCB3F16ED0A4C0071600E /* Debug */ = {
			isa = XCBuildConfiguration;
			buildSettings = {
				ALWAYS_SEARCH_USER_PATHS = NO;
				CLANG_CXX_LANGUAGE_STANDARD = "gnu++0x";
				CLANG_CXX_LIBRARY = "libc++";
				CLANG_ENABLE_OBJC_ARC = YES;
				CLANG_WARN_CONSTANT_CONVERSION = YES;
				CLANG_WARN_EMPTY_BODY = YES;
				CLANG_WARN_ENUM_CONVERSION = YES;
				CLANG_WARN_INT_CONVERSION = YES;
				CLANG_WARN__DUPLICATE_METHOD_MATCH = YES;
				"CODE_SIGN_IDENTITY[sdk=iphoneos*]" = "iPhone Developer";
				COPY_PHASE_STRIP = NO;
				GCC_C_LANGUAGE_STANDARD = gnu99;
				GCC_DYNAMIC_NO_PIC = NO;
				GCC_OPTIMIZATION_LEVEL = 0;
				GCC_PREPROCESSOR_DEFINITIONS = (
					"DEBUG=1",
					"$(inherited)",
				);
				GCC_SYMBOLS_PRIVATE_EXTERN = NO;
				GCC_WARN_ABOUT_RETURN_TYPE = YES;
				GCC_WARN_UNINITIALIZED_AUTOS = YES;
				GCC_WARN_UNUSED_VARIABLE = YES;
				IPHONEOS_DEPLOYMENT_TARGET = 6.1;
				ONLY_ACTIVE_ARCH = YES;
				"OTHER_LDFLAGS[arch=*]" = "";
				SDKROOT = iphoneos;
				SKIP_INSTALL = NO;
				TARGETED_DEVICE_FAMILY = "1,2";
			};
			name = Debug;
		};
		528FCB4016ED0A4C0071600E /* Release */ = {
			isa = XCBuildConfiguration;
			buildSettings = {
				ALWAYS_SEARCH_USER_PATHS = NO;
				CLANG_CXX_LANGUAGE_STANDARD = "gnu++0x";
				CLANG_CXX_LIBRARY = "libc++";
				CLANG_ENABLE_OBJC_ARC = YES;
				CLANG_WARN_CONSTANT_CONVERSION = YES;
				CLANG_WARN_EMPTY_BODY = YES;
				CLANG_WARN_ENUM_CONVERSION = YES;
				CLANG_WARN_INT_CONVERSION = YES;
				CLANG_WARN__DUPLICATE_METHOD_MATCH = YES;
				"CODE_SIGN_IDENTITY[sdk=iphoneos*]" = "iPhone Developer";
				COPY_PHASE_STRIP = YES;
				GCC_C_LANGUAGE_STANDARD = gnu99;
				GCC_WARN_ABOUT_RETURN_TYPE = YES;
				GCC_WARN_UNINITIALIZED_AUTOS = YES;
				GCC_WARN_UNUSED_VARIABLE = YES;
				IPHONEOS_DEPLOYMENT_TARGET = 6.1;
				OTHER_CFLAGS = "-DNS_BLOCK_ASSERTIONS=1";
				"OTHER_LDFLAGS[arch=*]" = "";
				SDKROOT = iphoneos;
				SKIP_INSTALL = NO;
				TARGETED_DEVICE_FAMILY = "1,2";
				VALIDATE_PRODUCT = YES;
			};
			name = Release;
		};
		528FCB4216ED0A4C0071600E /* Debug */ = {
			isa = XCBuildConfiguration;
			buildSettings = {
				GCC_PRECOMPILE_PREFIX_HEADER = YES;
				GCC_PREFIX_HEADER = "AuctionSniper/AuctionSniper-Prefix.pch";
				HEADER_SEARCH_PATHS = (
					"\"$(SRCROOT)/AuctionSniper/Vendor\"/**",
					"/usr/include/libxml2/**",
				);
				INFOPLIST_FILE = "AuctionSniper/AuctionSniper-Info.plist";
				INSTALL_PATH = "$(LOCAL_APPS_DIR)";
				LIBRARY_SEARCH_PATHS = (
					"$(inherited)",
					"$(FRANK_LIBRARY_SEARCH_PATHS)",
					"\"$(SRCROOT)/Frank\"",
					"\"$(SRCROOT)\"",
				);
				OTHER_LDFLAGS = (
					"$(inherited)",
					"$(FRANK_LDFLAGS)",
					"-lxml2",
					"-liconv",
				);
				PRODUCT_NAME = "$(TARGET_NAME)";
				SKIP_INSTALL = NO;
				WRAPPER_EXTENSION = app;
			};
			name = Debug;
		};
		528FCB4316ED0A4C0071600E /* Release */ = {
			isa = XCBuildConfiguration;
			buildSettings = {
				GCC_PRECOMPILE_PREFIX_HEADER = YES;
				GCC_PREFIX_HEADER = "AuctionSniper/AuctionSniper-Prefix.pch";
				HEADER_SEARCH_PATHS = (
					"\"$(SRCROOT)/AuctionSniper/Vendor\"/**",
					"/usr/include/libxml2/**",
				);
				INFOPLIST_FILE = "AuctionSniper/AuctionSniper-Info.plist";
				INSTALL_PATH = "$(LOCAL_APPS_DIR)";
				LIBRARY_SEARCH_PATHS = (
					"$(inherited)",
					"\"$(SRCROOT)/Frank\"",
					"\"$(SRCROOT)\"",
				);
				PRODUCT_NAME = "$(TARGET_NAME)";
				SKIP_INSTALL = NO;
				WRAPPER_EXTENSION = app;
			};
			name = Release;
		};
		528FCB5C16ED0B350071600E /* Debug */ = {
			isa = XCBuildConfiguration;
			buildSettings = {
				BUNDLE_LOADER = "$(BUILT_PRODUCTS_DIR)/AuctionSniper.app/AuctionSniper";
				FRAMEWORK_SEARCH_PATHS = (
					"$(SDKROOT)/Developer/Library/Frameworks",
					"$(DEVELOPER_LIBRARY_DIR)/Frameworks",
					"\"$(SRCROOT)/Specs/Frameworks\"",
				);
				GCC_PRECOMPILE_PREFIX_HEADER = YES;
				GCC_PREFIX_HEADER = "Specs/Specs-Prefix.pch";
				INFOPLIST_FILE = "Specs/Specs-Info.plist";
				OTHER_LDFLAGS = (
					"-ObjC",
					"-all_load",
					"-lstdc++",
				);
				PRODUCT_NAME = "$(TARGET_NAME)";
				TEST_HOST = "$(BUNDLE_LOADER)";
				WRAPPER_EXTENSION = octest;
			};
			name = Debug;
		};
		528FCB5D16ED0B350071600E /* Release */ = {
			isa = XCBuildConfiguration;
			buildSettings = {
				BUNDLE_LOADER = "$(BUILT_PRODUCTS_DIR)/AuctionSniper.app/AuctionSniper";
				FRAMEWORK_SEARCH_PATHS = (
					"$(SDKROOT)/Developer/Library/Frameworks",
					"$(DEVELOPER_LIBRARY_DIR)/Frameworks",
					"\"$(SRCROOT)/Specs/Frameworks\"",
				);
				GCC_PRECOMPILE_PREFIX_HEADER = YES;
				GCC_PREFIX_HEADER = "Specs/Specs-Prefix.pch";
				INFOPLIST_FILE = "Specs/Specs-Info.plist";
				OTHER_LDFLAGS = (
					"-ObjC",
					"-all_load",
					"-lstdc++",
				);
				PRODUCT_NAME = "$(TARGET_NAME)";
				TEST_HOST = "$(BUNDLE_LOADER)";
				WRAPPER_EXTENSION = octest;
			};
			name = Release;
		};
/* End XCBuildConfiguration section */

/* Begin XCConfigurationList section */
		528FCB0A16ED0A4C0071600E /* Build configuration list for PBXProject "AuctionSniper" */ = {
			isa = XCConfigurationList;
			buildConfigurations = (
				528FCB3F16ED0A4C0071600E /* Debug */,
				528FCB4016ED0A4C0071600E /* Release */,
			);
			defaultConfigurationIsVisible = 0;
			defaultConfigurationName = Release;
		};
		528FCB4116ED0A4C0071600E /* Build configuration list for PBXNativeTarget "AuctionSniper" */ = {
			isa = XCConfigurationList;
			buildConfigurations = (
				528FCB4216ED0A4C0071600E /* Debug */,
				528FCB4316ED0A4C0071600E /* Release */,
			);
			defaultConfigurationIsVisible = 0;
			defaultConfigurationName = Release;
		};
		528FCB5B16ED0B350071600E /* Build configuration list for PBXNativeTarget "Specs" */ = {
			isa = XCConfigurationList;
			buildConfigurations = (
				528FCB5C16ED0B350071600E /* Debug */,
				528FCB5D16ED0B350071600E /* Release */,
			);
			defaultConfigurationIsVisible = 0;
			defaultConfigurationName = Release;
		};
/* End XCConfigurationList section */
	};
	rootObject = 528FCB0716ED0A4C0071600E /* Project object */;
}
